
Microsoft Visual Studio Solution File, Format Version 12.00
# Visual Studio Version 17
VisualStudioVersion = 17.8.34511.84
MinimumVisualStudioVersion = 10.0.40219.1
Project("{9A19103F-16F7-4668-BE54-9A1E7A4F7556}") = "Datalagring", "DbTest\Datalagring.csproj", "{F62F7A21-FF1B-4AA0-8211-3F4130E69AF9}"
EndProject
Project("{9A19103F-16F7-4668-BE54-9A1E7A4F7556}") = "Datalagring.Test", "Datalagring.Test\Datalagring.Test.csproj", "{85D3C2E7-BD1B-4E4A-9DCA-B97E8EF63434}"
EndProject
Global
	GlobalSection(SolutionConfigurationPlatforms) = preSolution
		Debug|Any CPU = Debug|Any CPU
		Release|Any CPU = Release|Any CPU
	EndGlobalSection
	GlobalSection(ProjectConfigurationPlatforms) = postSolution
		{F62F7A21-FF1B-4AA0-8211-3F4130E69AF9}.Debug|Any CPU.ActiveCfg = Debug|Any CPU
		{F62F7A21-FF1B-4AA0-8211-3F4130E69AF9}.Debug|Any CPU.Build.0 = Debug|Any CPU
		{F62F7A21-FF1B-4AA0-8211-3F4130E69AF9}.Release|Any CPU.ActiveCfg = Release|Any CPU
		{F62F7A21-FF1B-4AA0-8211-3F4130E69AF9}.Release|Any CPU.Build.0 = Release|Any CPU
		{85D3C2E7-BD1B-4E4A-9DCA-B97E8EF63434}.Debug|Any CPU.ActiveCfg = Debug|Any CPU
		{85D3C2E7-BD1B-4E4A-9DCA-B97E8EF63434}.Debug|Any CPU.Build.0 = Debug|Any CPU
		{85D3C2E7-BD1B-4E4A-9DCA-B97E8EF63434}.Release|Any CPU.ActiveCfg = Release|Any CPU
		{85D3C2E7-BD1B-4E4A-9DCA-B97E8EF63434}.Release|Any CPU.Build.0 = Release|Any CPU
	EndGlobalSection
	GlobalSection(SolutionProperties) = preSolution
		HideSolutionNode = FALSE
	EndGlobalSection
	GlobalSection(ExtensibilityGlobals) = postSolution
		SolutionGuid = {01987479-382F-4D1B-A138-694CBCA84A7E}
	EndGlobalSection
EndGlobal
